
Microsoft Visual Studio Solution File, Format Version 12.00
# Visual Studio Version 17
VisualStudioVersion = 17.0.31903.59
MinimumVisualStudioVersion = 10.0.40219.1
Project("{FAE04EC0-301F-11D3-BF4B-00C04F79EFBC}") = "HelpDesk.Api", "HelpDesk.Api\HelpDesk.Api.csproj", "{8A7578B9-7189-4D67-B2FF-69BFB333C3EA}"
EndProject
Project("{FAE04EC0-301F-11D3-BF4B-00C04F79EFBC}") = "HelpDesk.Mvc", "HelpDesk.Mvc\HelpDesk.Mvc.csproj", "{2D01249D-E440-452F-9F3F-ADF5F69DFE22}"
EndProject
Project("{FAE04EC0-301F-11D3-BF4B-00C04F79EFBC}") = "HelpDesk.Tests", "HelpDesk.Tests\HelpDesk.Tests.csproj", "{3F7570A6-3E55-48BF-85C0-C4C3E8C40F60}"
EndProject
Global
	GlobalSection(SolutionConfigurationPlatforms) = preSolution
		Debug|Any CPU = Debug|Any CPU
		Debug|x64 = Debug|x64
		Debug|x86 = Debug|x86
		Release|Any CPU = Release|Any CPU
		Release|x64 = Release|x64
		Release|x86 = Release|x86
	EndGlobalSection
	GlobalSection(ProjectConfigurationPlatforms) = postSolution
		{8A7578B9-7189-4D67-B2FF-69BFB333C3EA}.Debug|Any CPU.ActiveCfg = Debug|Any CPU
		{8A7578B9-7189-4D67-B2FF-69BFB333C3EA}.Debug|Any CPU.Build.0 = Debug|Any CPU
		{8A7578B9-7189-4D67-B2FF-69BFB333C3EA}.Debug|x64.ActiveCfg = Debug|Any CPU
		{8A7578B9-7189-4D67-B2FF-69BFB333C3EA}.Debug|x64.Build.0 = Debug|Any CPU
		{8A7578B9-7189-4D67-B2FF-69BFB333C3EA}.Debug|x86.ActiveCfg = Debug|Any CPU
		{8A7578B9-7189-4D67-B2FF-69BFB333C3EA}.Debug|x86.Build.0 = Debug|Any CPU
		{8A7578B9-7189-4D67-B2FF-69BFB333C3EA}.Release|Any CPU.ActiveCfg = Release|Any CPU
		{8A7578B9-7189-4D67-B2FF-69BFB333C3EA}.Release|Any CPU.Build.0 = Release|Any CPU
		{8A7578B9-7189-4D67-B2FF-69BFB333C3EA}.Release|x64.ActiveCfg = Release|Any CPU
		{8A7578B9-7189-4D67-B2FF-69BFB333C3EA}.Release|x64.Build.0 = Release|Any CPU
		{8A7578B9-7189-4D67-B2FF-69BFB333C3EA}.Release|x86.ActiveCfg = Release|Any CPU
		{8A7578B9-7189-4D67-B2FF-69BFB333C3EA}.Release|x86.Build.0 = Release|Any CPU
		{2D01249D-E440-452F-9F3F-ADF5F69DFE22}.Debug|Any CPU.ActiveCfg = Debug|Any CPU
		{2D01249D-E440-452F-9F3F-ADF5F69DFE22}.Debug|Any CPU.Build.0 = Debug|Any CPU
		{2D01249D-E440-452F-9F3F-ADF5F69DFE22}.Debug|x64.ActiveCfg = Debug|Any CPU
		{2D01249D-E440-452F-9F3F-ADF5F69DFE22}.Debug|x64.Build.0 = Debug|Any CPU
		{2D01249D-E440-452F-9F3F-ADF5F69DFE22}.Debug|x86.ActiveCfg = Debug|Any CPU
		{2D01249D-E440-452F-9F3F-ADF5F69DFE22}.Debug|x86.Build.0 = Debug|Any CPU
		{2D01249D-E440-452F-9F3F-ADF5F69DFE22}.Release|Any CPU.ActiveCfg = Release|Any CPU
		{2D01249D-E440-452F-9F3F-ADF5F69DFE22}.Release|Any CPU.Build.0 = Release|Any CPU
		{2D01249D-E440-452F-9F3F-ADF5F69DFE22}.Release|x64.ActiveCfg = Release|Any CPU
		{2D01249D-E440-452F-9F3F-ADF5F69DFE22}.Release|x64.Build.0 = Release|Any CPU
		{2D01249D-E440-452F-9F3F-ADF5F69DFE22}.Release|x86.ActiveCfg = Release|Any CPU
		{2D01249D-E440-452F-9F3F-ADF5F69DFE22}.Release|x86.Build.0 = Release|Any CPU
		{3F7570A6-3E55-48BF-85C0-C4C3E8C40F60}.Debug|Any CPU.ActiveCfg = Debug|Any CPU
		{3F7570A6-3E55-48BF-85C0-C4C3E8C40F60}.Debug|Any CPU.Build.0 = Debug|Any CPU
		{3F7570A6-3E55-48BF-85C0-C4C3E8C40F60}.Debug|x64.ActiveCfg = Debug|Any CPU
		{3F7570A6-3E55-48BF-85C0-C4C3E8C40F60}.Debug|x64.Build.0 = Debug|Any CPU
		{3F7570A6-3E55-48BF-85C0-C4C3E8C40F60}.Debug|x86.ActiveCfg = Debug|Any CPU
		{3F7570A6-3E55-48BF-85C0-C4C3E8C40F60}.Debug|x86.Build.0 = Debug|Any CPU
		{3F7570A6-3E55-48BF-85C0-C4C3E8C40F60}.Release|Any CPU.ActiveCfg = Release|Any CPU
		{3F7570A6-3E55-48BF-85C0-C4C3E8C40F60}.Release|Any CPU.Build.0 = Release|Any CPU
		{3F7570A6-3E55-48BF-85C0-C4C3E8C40F60}.Release|x64.ActiveCfg = Release|Any CPU
		{3F7570A6-3E55-48BF-85C0-C4C3E8C40F60}.Release|x64.Build.0 = Release|Any CPU
		{3F7570A6-3E55-48BF-85C0-C4C3E8C40F60}.Release|x86.ActiveCfg = Release|Any CPU
		{3F7570A6-3E55-48BF-85C0-C4C3E8C40F60}.Release|x86.Build.0 = Release|Any CPU
	EndGlobalSection
	GlobalSection(SolutionProperties) = preSolution
		HideSolutionNode = FALSE
	EndGlobalSection
EndGlobal
